
Microsoft Visual Studio Solution File, Format Version 12.00
# Visual Studio 15
VisualStudioVersion = 15.0.28307.489
MinimumVisualStudioVersion = 10.0.40219.1
Project("{FAE04EC0-301F-11D3-BF4B-00C04F79EFBC}") = "Verbum", "Verbum\Verbum.csproj", "{3F93F543-DDC7-4E4B-B67F-9E698CD97159}"
EndProject
Global
	GlobalSection(SolutionConfigurationPlatforms) = preSolution
		Debug|Any CPU = Debug|Any CPU
		Release|Any CPU = Release|Any CPU
	EndGlobalSection
	GlobalSection(ProjectConfigurationPlatforms) = postSolution
		{3F93F543-DDC7-4E4B-B67F-9E698CD97159}.Debug|Any CPU.ActiveCfg = Debug|Any CPU
		{3F93F543-DDC7-4E4B-B67F-9E698CD97159}.Debug|Any CPU.Build.0 = Debug|Any CPU
		{3F93F543-DDC7-4E4B-B67F-9E698CD97159}.Release|Any CPU.ActiveCfg = Release|Any CPU
		{3F93F543-DDC7-4E4B-B67F-9E698CD97159}.Release|Any CPU.Build.0 = Release|Any CPU
	EndGlobalSection
	GlobalSection(SolutionProperties) = preSolution
		HideSolutionNode = FALSE
	EndGlobalSection
	GlobalSection(ExtensibilityGlobals) = postSolution
		SolutionGuid = {BE268DAD-8BFF-4248-90FC-087ECF11F258}
	EndGlobalSection
EndGlobal
